// !$*UTF8*$!
{
	archiveVersion = 1;
	classes = {
	};
	objectVersion = 46;
	objects = {

/* Begin PBXBuildFile section */
		55CAB1071D4BC01000AE25E7 /* AppDelegate.swift in Sources */ = {isa = PBXBuildFile; fileRef = 55CAB1061D4BC01000AE25E7 /* AppDelegate.swift */; };
		55CAB1091D4BC01000AE25E7 /* ViewController.swift in Sources */ = {isa = PBXBuildFile; fileRef = 55CAB1081D4BC01000AE25E7 /* ViewController.swift */; };
		55CAB10C1D4BC01000AE25E7 /* Main.storyboard in Resources */ = {isa = PBXBuildFile; fileRef = 55CAB10A1D4BC01000AE25E7 /* Main.storyboard */; };
		55CAB10E1D4BC01000AE25E7 /* Assets.xcassets in Resources */ = {isa = PBXBuildFile; fileRef = 55CAB10D1D4BC01000AE25E7 /* Assets.xcassets */; };
		55CAB1111D4BC01000AE25E7 /* LaunchScreen.storyboard in Resources */ = {isa = PBXBuildFile; fileRef = 55CAB10F1D4BC01000AE25E7 /* LaunchScreen.storyboard */; };
		55CAB1191D4BC0AC00AE25E7 /* Binding.swift in Sources */ = {isa = PBXBuildFile; fileRef = 55CAB1181D4BC0AC00AE25E7 /* Binding.swift */; };
		55CAB11D1D4BCF8300AE25E7 /* Toggle.swift in Sources */ = {isa = PBXBuildFile; fileRef = 55CAB11C1D4BCF8300AE25E7 /* Toggle.swift */; };
		55CAB11F1D4BD2D900AE25E7 /* NSObject-extras.swift in Sources */ = {isa = PBXBuildFile; fileRef = 55CAB11E1D4BD2D900AE25E7 /* NSObject-extras.swift */; };
		55CAB1221D4BE09100AE25E7 /* License.txt in Resources */ = {isa = PBXBuildFile; fileRef = 55CAB1201D4BE09100AE25E7 /* License.txt */; };
		55CAB1231D4BE09100AE25E7 /* ReadMe.txt in Resources */ = {isa = PBXBuildFile; fileRef = 55CAB1211D4BE09100AE25E7 /* ReadMe.txt */; };
		55CAB12B1D4BE85300AE25E7 /* BindingsTests.swift in Sources */ = {isa = PBXBuildFile; fileRef = 55CAB12A1D4BE85300AE25E7 /* BindingsTests.swift */; };
		55CAB1321D4BEC2800AE25E7 /* Binding.swift in Sources */ = {isa = PBXBuildFile; fileRef = 55CAB1181D4BC0AC00AE25E7 /* Binding.swift */; };
		55CAB1331D4BEC2800AE25E7 /* NSObject-extras.swift in Sources */ = {isa = PBXBuildFile; fileRef = 55CAB11E1D4BD2D900AE25E7 /* NSObject-extras.swift */; };
		55CAB1351D4BF80600AE25E7 /* NSValueTransformer-extras.swift in Sources */ = {isa = PBXBuildFile; fileRef = 55CAB1341D4BF80600AE25E7 /* NSValueTransformer-extras.swift */; };
		55CAB1361D4BF92600AE25E7 /* NSValueTransformer-extras.swift in Sources */ = {isa = PBXBuildFile; fileRef = 55CAB1341D4BF80600AE25E7 /* NSValueTransformer-extras.swift */; };
/* End PBXBuildFile section */

/* Begin PBXContainerItemProxy section */
		55CAB12D1D4BE85300AE25E7 /* PBXContainerItemProxy */ = {
			isa = PBXContainerItemProxy;
			containerPortal = 55CAB0FB1D4BC01000AE25E7 /* Project object */;
			proxyType = 1;
			remoteGlobalIDString = 55CAB1021D4BC01000AE25E7;
			remoteInfo = Bindings;
		};
/* End PBXContainerItemProxy section */

/* Begin PBXFileReference section */
		55CAB1031D4BC01000AE25E7 /* Bindings.app */ = {isa = PBXFileReference; explicitFileType = wrapper.application; includeInIndex = 0; path = Bindings.app; sourceTree = BUILT_PRODUCTS_DIR; };
		55CAB1061D4BC01000AE25E7 /* AppDelegate.swift */ = {isa = PBXFileReference; lastKnownFileType = sourcecode.swift; path = AppDelegate.swift; sourceTree = "<group>"; };
		55CAB1081D4BC01000AE25E7 /* ViewController.swift */ = {isa = PBXFileReference; lastKnownFileType = sourcecode.swift; path = ViewController.swift; sourceTree = "<group>"; };
		55CAB10B1D4BC01000AE25E7 /* Base */ = {isa = PBXFileReference; lastKnownFileType = file.storyboard; name = Base; path = Base.lproj/Main.storyboard; sourceTree = "<group>"; };
		55CAB10D1D4BC01000AE25E7 /* Assets.xcassets */ = {isa = PBXFileReference; lastKnownFileType = folder.assetcatalog; path = Assets.xcassets; sourceTree = "<group>"; };
		55CAB1101D4BC01000AE25E7 /* Base */ = {isa = PBXFileReference; lastKnownFileType = file.storyboard; name = Base; path = Base.lproj/LaunchScreen.storyboard; sourceTree = "<group>"; };
		55CAB1121D4BC01000AE25E7 /* Info.plist */ = {isa = PBXFileReference; lastKnownFileType = text.plist.xml; path = Info.plist; sourceTree = "<group>"; };
		55CAB1181D4BC0AC00AE25E7 /* Binding.swift */ = {isa = PBXFileReference; fileEncoding = 4; lastKnownFileType = sourcecode.swift; path = Binding.swift; sourceTree = "<group>"; };
		55CAB11C1D4BCF8300AE25E7 /* Toggle.swift */ = {isa = PBXFileReference; fileEncoding = 4; lastKnownFileType = sourcecode.swift; path = Toggle.swift; sourceTree = "<group>"; };
		55CAB11E1D4BD2D900AE25E7 /* NSObject-extras.swift */ = {isa = PBXFileReference; fileEncoding = 4; lastKnownFileType = sourcecode.swift; path = "NSObject-extras.swift"; sourceTree = "<group>"; };
		55CAB1201D4BE09100AE25E7 /* License.txt */ = {isa = PBXFileReference; fileEncoding = 4; lastKnownFileType = text; path = License.txt; sourceTree = "<group>"; };
		55CAB1211D4BE09100AE25E7 /* ReadMe.txt */ = {isa = PBXFileReference; fileEncoding = 4; lastKnownFileType = text; path = ReadMe.txt; sourceTree = "<group>"; };
		55CAB1281D4BE85300AE25E7 /* BindingsTests.xctest */ = {isa = PBXFileReference; explicitFileType = wrapper.cfbundle; includeInIndex = 0; path = BindingsTests.xctest; sourceTree = BUILT_PRODUCTS_DIR; };
		55CAB12A1D4BE85300AE25E7 /* BindingsTests.swift */ = {isa = PBXFileReference; lastKnownFileType = sourcecode.swift; path = BindingsTests.swift; sourceTree = "<group>"; };
		55CAB12C1D4BE85300AE25E7 /* Info.plist */ = {isa = PBXFileReference; lastKnownFileType = text.plist.xml; path = Info.plist; sourceTree = "<group>"; };
		55CAB1341D4BF80600AE25E7 /* NSValueTransformer-extras.swift */ = {isa = PBXFileReference; fileEncoding = 4; lastKnownFileType = sourcecode.swift; path = "NSValueTransformer-extras.swift"; sourceTree = "<group>"; };
/* End PBXFileReference section */

/* Begin PBXFrameworksBuildPhase section */
		55CAB1001D4BC01000AE25E7 /* Frameworks */ = {
			isa = PBXFrameworksBuildPhase;
			buildActionMask = 2147483647;
			files = (
			);
			runOnlyForDeploymentPostprocessing = 0;
		};
		55CAB1251D4BE85300AE25E7 /* Frameworks */ = {
			isa = PBXFrameworksBuildPhase;
			buildActionMask = 2147483647;
			files = (
			);
			runOnlyForDeploymentPostprocessing = 0;
		};
/* End PBXFrameworksBuildPhase section */

/* Begin PBXGroup section */
		55CAB0FA1D4BC01000AE25E7 = {
			isa = PBXGroup;
			children = (
				55CAB1201D4BE09100AE25E7 /* License.txt */,
				55CAB1211D4BE09100AE25E7 /* ReadMe.txt */,
				55CAB1051D4BC01000AE25E7 /* Bindings */,
				55CAB1291D4BE85300AE25E7 /* BindingsTests */,
				55CAB1041D4BC01000AE25E7 /* Products */,
			);
			sourceTree = "<group>";
		};
		55CAB1041D4BC01000AE25E7 /* Products */ = {
			isa = PBXGroup;
			children = (
				55CAB1031D4BC01000AE25E7 /* Bindings.app */,
				55CAB1281D4BE85300AE25E7 /* BindingsTests.xctest */,
			);
			name = Products;
			sourceTree = "<group>";
		};
		55CAB1051D4BC01000AE25E7 /* Bindings */ = {
			isa = PBXGroup;
			children = (
				55CAB1061D4BC01000AE25E7 /* AppDelegate.swift */,
				55CAB1181D4BC0AC00AE25E7 /* Binding.swift */,
				55CAB11E1D4BD2D900AE25E7 /* NSObject-extras.swift */,
				55CAB1341D4BF80600AE25E7 /* NSValueTransformer-extras.swift */,
				55CAB11C1D4BCF8300AE25E7 /* Toggle.swift */,
				55CAB1081D4BC01000AE25E7 /* ViewController.swift */,
				55CAB10A1D4BC01000AE25E7 /* Main.storyboard */,
				55CAB10D1D4BC01000AE25E7 /* Assets.xcassets */,
				55CAB10F1D4BC01000AE25E7 /* LaunchScreen.storyboard */,
				55CAB1121D4BC01000AE25E7 /* Info.plist */,
			);
			path = Bindings;
			sourceTree = "<group>";
		};
		55CAB1291D4BE85300AE25E7 /* BindingsTests */ = {
			isa = PBXGroup;
			children = (
				55CAB12A1D4BE85300AE25E7 /* BindingsTests.swift */,
				55CAB12C1D4BE85300AE25E7 /* Info.plist */,
			);
			path = BindingsTests;
			sourceTree = "<group>";
		};
/* End PBXGroup section */

/* Begin PBXNativeTarget section */
		55CAB1021D4BC01000AE25E7 /* Bindings */ = {
			isa = PBXNativeTarget;
			buildConfigurationList = 55CAB1151D4BC01000AE25E7 /* Build configuration list for PBXNativeTarget "Bindings" */;
			buildPhases = (
				55CAB0FF1D4BC01000AE25E7 /* Sources */,
				55CAB1001D4BC01000AE25E7 /* Frameworks */,
				55CAB1011D4BC01000AE25E7 /* Resources */,
			);
			buildRules = (
			);
			dependencies = (
			);
			name = Bindings;
			productName = Bindings;
			productReference = 55CAB1031D4BC01000AE25E7 /* Bindings.app */;
			productType = "com.apple.product-type.application";
		};
		55CAB1271D4BE85300AE25E7 /* BindingsTests */ = {
			isa = PBXNativeTarget;
			buildConfigurationList = 55CAB12F1D4BE85300AE25E7 /* Build configuration list for PBXNativeTarget "BindingsTests" */;
			buildPhases = (
				55CAB1241D4BE85300AE25E7 /* Sources */,
				55CAB1251D4BE85300AE25E7 /* Frameworks */,
				55CAB1261D4BE85300AE25E7 /* Resources */,
			);
			buildRules = (
			);
			dependencies = (
				55CAB12E1D4BE85300AE25E7 /* PBXTargetDependency */,
			);
			name = BindingsTests;
			productName = BindingsTests;
			productReference = 55CAB1281D4BE85300AE25E7 /* BindingsTests.xctest */;
			productType = "com.apple.product-type.bundle.unit-test";
		};
/* End PBXNativeTarget section */

/* Begin PBXProject section */
		55CAB0FB1D4BC01000AE25E7 /* Project object */ = {
			isa = PBXProject;
			attributes = {
				LastSwiftUpdateCheck = 0730;
				LastUpgradeCheck = 0730;
				ORGANIZATIONNAME = Lambda;
				TargetAttributes = {
					55CAB1021D4BC01000AE25E7 = {
						CreatedOnToolsVersion = 7.3.1;
					};
					55CAB1271D4BE85300AE25E7 = {
						CreatedOnToolsVersion = 7.3.1;
						TestTargetID = 55CAB1021D4BC01000AE25E7;
					};
				};
			};
			buildConfigurationList = 55CAB0FE1D4BC01000AE25E7 /* Build configuration list for PBXProject "Bindings" */;
			compatibilityVersion = "Xcode 3.2";
			developmentRegion = English;
			hasScannedForEncodings = 0;
			knownRegions = (
				en,
				Base,
			);
			mainGroup = 55CAB0FA1D4BC01000AE25E7;
			productRefGroup = 55CAB1041D4BC01000AE25E7 /* Products */;
			projectDirPath = "";
			projectRoot = "";
			targets = (
				55CAB1021D4BC01000AE25E7 /* Bindings */,
				55CAB1271D4BE85300AE25E7 /* BindingsTests */,
			);
		};
/* End PBXProject section */

/* Begin PBXResourcesBuildPhase section */
		55CAB1011D4BC01000AE25E7 /* Resources */ = {
			isa = PBXResourcesBuildPhase;
			buildActionMask = 2147483647;
			files = (
				55CAB1221D4BE09100AE25E7 /* License.txt in Resources */,
				55CAB1111D4BC01000AE25E7 /* LaunchScreen.storyboard in Resources */,
				55CAB10E1D4BC01000AE25E7 /* Assets.xcassets in Resources */,
				55CAB1231D4BE09100AE25E7 /* ReadMe.txt in Resources */,
				55CAB10C1D4BC01000AE25E7 /* Main.storyboard in Resources */,
			);
			runOnlyForDeploymentPostprocessing = 0;
		};
		55CAB1261D4BE85300AE25E7 /* Resources */ = {
			isa = PBXResourcesBuildPhase;
			buildActionMask = 2147483647;
			files = (
			);
			runOnlyForDeploymentPostprocessing = 0;
		};
/* End PBXResourcesBuildPhase section */

/* Begin PBXSourcesBuildPhase section */
		55CAB0FF1D4BC01000AE25E7 /* Sources */ = {
			isa = PBXSourcesBuildPhase;
			buildActionMask = 2147483647;
			files = (
				55CAB1091D4BC01000AE25E7 /* ViewController.swift in Sources */,
				55CAB11D1D4BCF8300AE25E7 /* Toggle.swift in Sources */,
				55CAB1191D4BC0AC00AE25E7 /* Binding.swift in Sources */,
				55CAB1071D4BC01000AE25E7 /* AppDelegate.swift in Sources */,
				55CAB11F1D4BD2D900AE25E7 /* NSObject-extras.swift in Sources */,
				55CAB1351D4BF80600AE25E7 /* NSValueTransformer-extras.swift in Sources */,
			);
			runOnlyForDeploymentPostprocessing = 0;
		};
		55CAB1241D4BE85300AE25E7 /* Sources */ = {
			isa = PBXSourcesBuildPhase;
			buildActionMask = 2147483647;
			files = (
				55CAB12B1D4BE85300AE25E7 /* BindingsTests.swift in Sources */,
				55CAB1321D4BEC2800AE25E7 /* Binding.swift in Sources */,
				55CAB1331D4BEC2800AE25E7 /* NSObject-extras.swift in Sources */,
				55CAB1361D4BF92600AE25E7 /* NSValueTransformer-extras.swift in Sources */,
			);
			runOnlyForDeploymentPostprocessing = 0;
		};
/* End PBXSourcesBuildPhase section */

/* Begin PBXTargetDependency section */
		55CAB12E1D4BE85300AE25E7 /* PBXTargetDependency */ = {
			isa = PBXTargetDependency;
			target = 55CAB1021D4BC01000AE25E7 /* Bindings */;
			targetProxy = 55CAB12D1D4BE85300AE25E7 /* PBXContainerItemProxy */;
		};
/* End PBXTargetDependency section */

/* Begin PBXVariantGroup section */
		55CAB10A1D4BC01000AE25E7 /* Main.storyboard */ = {
			isa = PBXVariantGroup;
			children = (
				55CAB10B1D4BC01000AE25E7 /* Base */,
			);
			name = Main.storyboard;
			sourceTree = "<group>";
		};
		55CAB10F1D4BC01000AE25E7 /* LaunchScreen.storyboard */ = {
			isa = PBXVariantGroup;
			children = (
				55CAB1101D4BC01000AE25E7 /* Base */,
			);
			name = LaunchScreen.storyboard;
			sourceTree = "<group>";
		};
/* End PBXVariantGroup section */

/* Begin XCBuildConfiguration section */
		55CAB1131D4BC01000AE25E7 /* Debug */ = {
			isa = XCBuildConfiguration;
			buildSettings = {
				ALWAYS_SEARCH_USER_PATHS = NO;
				CLANG_ANALYZER_NONNULL = YES;
				CLANG_CXX_LANGUAGE_STANDARD = "gnu++0x";
				CLANG_CXX_LIBRARY = "libc++";
				CLANG_ENABLE_MODULES = YES;
				CLANG_ENABLE_OBJC_ARC = YES;
				CLANG_WARN_BOOL_CONVERSION = YES;
				CLANG_WARN_CONSTANT_CONVERSION = YES;
				CLANG_WARN_DIRECT_OBJC_ISA_USAGE = YES_ERROR;
				CLANG_WARN_EMPTY_BODY = YES;
				CLANG_WARN_ENUM_CONVERSION = YES;
				CLANG_WARN_INT_CONVERSION = YES;
				CLANG_WARN_OBJC_ROOT_CLASS = YES_ERROR;
				CLANG_WARN_UNREACHABLE_CODE = YES;
				CLANG_WARN__DUPLICATE_METHOD_MATCH = YES;
				"CODE_SIGN_IDENTITY[sdk=iphoneos*]" = "iPhone Developer";
				COPY_PHASE_STRIP = NO;
				DEBUG_INFORMATION_FORMAT = dwarf;
				ENABLE_STRICT_OBJC_MSGSEND = YES;
				ENABLE_TESTABILITY = YES;
				GCC_C_LANGUAGE_STANDARD = gnu99;
				GCC_DYNAMIC_NO_PIC = NO;
				GCC_NO_COMMON_BLOCKS = YES;
				GCC_OPTIMIZATION_LEVEL = 0;
				GCC_PREPROCESSOR_DEFINITIONS = (
					"DEBUG=1",
					"$(inherited)",
				);
				GCC_WARN_64_TO_32_BIT_CONVERSION = YES;
				GCC_WARN_ABOUT_RETURN_TYPE = YES_ERROR;
				GCC_WARN_UNDECLARED_SELECTOR = YES;
				GCC_WARN_UNINITIALIZED_AUTOS = YES_AGGRESSIVE;
				GCC_WARN_UNUSED_FUNCTION = YES;
				GCC_WARN_UNUSED_VARIABLE = YES;
				IPHONEOS_DEPLOYMENT_TARGET = 9.3;
				MTL_ENABLE_DEBUG_INFO = YES;
				ONLY_ACTIVE_ARCH = YES;
				SDKROOT = iphoneos;
				SWIFT_OPTIMIZATION_LEVEL = "-Onone";
				TARGETED_DEVICE_FAMILY = "1,2";
			};
			name = Debug;
		};
		55CAB1141D4BC01000AE25E7 /* Release */ = {
			isa = XCBuildConfiguration;
			buildSettings = {
				ALWAYS_SEARCH_USER_PATHS = NO;
				CLANG_ANALYZER_NONNULL = YES;
				CLANG_CXX_LANGUAGE_STANDARD = "gnu++0x";
				CLANG_CXX_LIBRARY = "libc++";
				CLANG_ENABLE_MODULES = YES;
				CLANG_ENABLE_OBJC_ARC = YES;
				CLANG_WARN_BOOL_CONVERSION = YES;
				CLANG_WARN_CONSTANT_CONVERSION = YES;
				CLANG_WARN_DIRECT_OBJC_ISA_USAGE = YES_ERROR;
				CLANG_WARN_EMPTY_BODY = YES;
				CLANG_WARN_ENUM_CONVERSION = YES;
				CLANG_WARN_INT_CONVERSION = YES;
				CLANG_WARN_OBJC_ROOT_CLASS = YES_ERROR;
				CLANG_WARN_UNREACHABLE_CODE = YES;
				CLANG_WARN__DUPLICATE_METHOD_MATCH = YES;
				"CODE_SIGN_IDENTITY[sdk=iphoneos*]" = "iPhone Developer";
				COPY_PHASE_STRIP = NO;
				DEBUG_INFORMATION_FORMAT = "dwarf-with-dsym";
				ENABLE_NS_ASSERTIONS = NO;
				ENABLE_STRICT_OBJC_MSGSEND = YES;
				GCC_C_LANGUAGE_STANDARD = gnu99;
				GCC_NO_COMMON_BLOCKS = YES;
				GCC_WARN_64_TO_32_BIT_CONVERSION = YES;
				GCC_WARN_ABOUT_RETURN_TYPE = YES_ERROR;
				GCC_WARN_UNDECLARED_SELECTOR = YES;
				GCC_WARN_UNINITIALIZED_AUTOS = YES_AGGRESSIVE;
				GCC_WARN_UNUSED_FUNCTION = YES;
				GCC_WARN_UNUSED_VARIABLE = YES;
				IPHONEOS_DEPLOYMENT_TARGET = 9.3;
				MTL_ENABLE_DEBUG_INFO = NO;
				SDKROOT = iphoneos;
				TARGETED_DEVICE_FAMILY = "1,2";
				VALIDATE_PRODUCT = YES;
			};
			name = Release;
		};
		55CAB1161D4BC01000AE25E7 /* Debug */ = {
			isa = XCBuildConfiguration;
			buildSettings = {
				ASSETCATALOG_COMPILER_APPICON_NAME = AppIcon;
				INFOPLIST_FILE = Bindings/Info.plist;
				LD_RUNPATH_SEARCH_PATHS = "$(inherited) @executable_path/Frameworks";
				PRODUCT_BUNDLE_IDENTIFIER = com.lambda.Bindings;
				PRODUCT_NAME = "$(TARGET_NAME)";
			};
			name = Debug;
		};
		55CAB1171D4BC01000AE25E7 /* Release */ = {
			isa = XCBuildConfiguration;
			buildSettings = {
				ASSETCATALOG_COMPILER_APPICON_NAME = AppIcon;
				INFOPLIST_FILE = Bindings/Info.plist;
				LD_RUNPATH_SEARCH_PATHS = "$(inherited) @executable_path/Frameworks";
				PRODUCT_BUNDLE_IDENTIFIER = com.lambda.Bindings;
				PRODUCT_NAME = "$(TARGET_NAME)";
			};
			name = Release;
		};
		55CAB1301D4BE85300AE25E7 /* Debug */ = {
			isa = XCBuildConfiguration;
			buildSettings = {
				BUNDLE_LOADER = "$(TEST_HOST)";
				INFOPLIST_FILE = BindingsTests/Info.plist;
				LD_RUNPATH_SEARCH_PATHS = "$(inherited) @executable_path/Frameworks @loader_path/Frameworks";
				PRODUCT_BUNDLE_IDENTIFIER = com.lambda.BindingsTests;
				PRODUCT_NAME = "$(TARGET_NAME)";
				TEST_HOST = "$(BUILT_PRODUCTS_DIR)/Bindings.app/Bindings";
			};
			name = Debug;
		};
		55CAB1311D4BE85300AE25E7 /* Release */ = {
			isa = XCBuildConfiguration;
			buildSettings = {
				BUNDLE_LOADER = "$(TEST_HOST)";
				INFOPLIST_FILE = BindingsTests/Info.plist;
				LD_RUNPATH_SEARCH_PATHS = "$(inherited) @executable_path/Frameworks @loader_path/Frameworks";
				PRODUCT_BUNDLE_IDENTIFIER = com.lambda.BindingsTests;
				PRODUCT_NAME = "$(TARGET_NAME)";
				TEST_HOST = "$(BUILT_PRODUCTS_DIR)/Bindings.app/Bindings";
			};
			name = Release;
		};
/* End XCBuildConfiguration section */

/* Begin XCConfigurationList section */
		55CAB0FE1D4BC01000AE25E7 /* Build configuration list for PBXProject "Bindings" */ = {
			isa = XCConfigurationList;
			buildConfigurations = (
				55CAB1131D4BC01000AE25E7 /* Debug */,
				55CAB1141D4BC01000AE25E7 /* Release */,
			);
			defaultConfigurationIsVisible = 0;
			defaultConfigurationName = Release;
		};
		55CAB1151D4BC01000AE25E7 /* Build configuration list for PBXNativeTarget "Bindings" */ = {
			isa = XCConfigurationList;
			buildConfigurations = (
				55CAB1161D4BC01000AE25E7 /* Debug */,
				55CAB1171D4BC01000AE25E7 /* Release */,
			);
			defaultConfigurationIsVisible = 0;
		};
		55CAB12F1D4BE85300AE25E7 /* Build configuration list for PBXNativeTarget "BindingsTests" */ = {
			isa = XCConfigurationList;
			buildConfigurations = (
				55CAB1301D4BE85300AE25E7 /* Debug */,
				55CAB1311D4BE85300AE25E7 /* Release */,
			);
			defaultConfigurationIsVisible = 0;
		};
/* End XCConfigurationList section */
	};
	rootObject = 55CAB0FB1D4BC01000AE25E7 /* Project object */;
}
